
Microsoft Visual Studio Solution File, Format Version 12.00
# Visual Studio Version 17
VisualStudioVersion = 17.3.32929.385
MinimumVisualStudioVersion = 10.0.40219.1
Project("{FAE04EC0-301F-11D3-BF4B-00C04F79EFBC}") = "MARKET OTOMASYON SQL", "MARKET OTOMASYON SQL.csproj", "{846971C1-1804-4F08-A1FA-EAD141519B0B}"
EndProject
Global
	GlobalSection(SolutionConfigurationPlatforms) = preSolution
		Debug|Any CPU = Debug|Any CPU
		Release|Any CPU = Release|Any CPU
	EndGlobalSection
	GlobalSection(ProjectConfigurationPlatforms) = postSolution
		{846971C1-1804-4F08-A1FA-EAD141519B0B}.Debug|Any CPU.ActiveCfg = Debug|Any CPU
		{846971C1-1804-4F08-A1FA-EAD141519B0B}.Debug|Any CPU.Build.0 = Debug|Any CPU
		{846971C1-1804-4F08-A1FA-EAD141519B0B}.Release|Any CPU.ActiveCfg = Release|Any CPU
		{846971C1-1804-4F08-A1FA-EAD141519B0B}.Release|Any CPU.Build.0 = Release|Any CPU
	EndGlobalSection
	GlobalSection(SolutionProperties) = preSolution
		HideSolutionNode = FALSE
	EndGlobalSection
	GlobalSection(ExtensibilityGlobals) = postSolution
		SolutionGuid = {66F7EB04-3CB9-40E6-83FB-0DDE4E9D3E27}
	EndGlobalSection
EndGlobal
